
Microsoft Visual Studio Solution File, Format Version 12.00
Project("{FAE04EC0-301F-11D3-BF4B-00C04F79EFBC}") = "compare-the-triplets", "compare-the-triplets\compare-the-triplets.csproj", "{A33F1C58-2E75-4585-93C0-6AB57621A0F5}"
EndProject
Global
	GlobalSection(SolutionConfigurationPlatforms) = preSolution
		Debug|Any CPU = Debug|Any CPU
		Release|Any CPU = Release|Any CPU
	EndGlobalSection
	GlobalSection(ProjectConfigurationPlatforms) = postSolution
		{A33F1C58-2E75-4585-93C0-6AB57621A0F5}.Debug|Any CPU.ActiveCfg = Debug|Any CPU
		{A33F1C58-2E75-4585-93C0-6AB57621A0F5}.Debug|Any CPU.Build.0 = Debug|Any CPU
		{A33F1C58-2E75-4585-93C0-6AB57621A0F5}.Release|Any CPU.ActiveCfg = Release|Any CPU
		{A33F1C58-2E75-4585-93C0-6AB57621A0F5}.Release|Any CPU.Build.0 = Release|Any CPU
	EndGlobalSection
EndGlobal
